{
    "_readme": [
        "This file locks the dependencies of your project to a known state",
        "Read more about it at https://getcomposer.org/doc/01-basic-usage.md#installing-dependencies",
        "This file is @generated automatically"
    ],
    "content-hash": "e0b87be5fffdb74f2c8165a9c37cdb45",
    "packages": [],
    "packages-dev": [],
    "aliases": [],
    "minimum-stability": "stable",
    "stability-flags": [],
    "prefer-stable": false,
    "prefer-lowest": false,
    "platform": {
        "php": ">=8.0",
        "ext-mysqli": "*",
        "ext-mbstring": "*",
        "ext-pdo_sqlite": "*",
        "ext-gd": "*"
    },
    "platform-dev": [],
    "plugin-api-version": "2.2.0"
}
